// !$*UTF8*$!
{
	archiveVersion = 1;
	classes = {
	};
	objectVersion = 52;
	objects = {

/* Begin PBXBuildFile section */
		25178B13235C06DF00808C62 /* PantryTableViewCell.swift in Sources */ = {isa = PBXBuildFile; fileRef = 25178B12235C06DF00808C62 /* PantryTableViewCell.swift */; };
		25288EAD236E0C72001BA957 /* RecipesViewController.swift in Sources */ = {isa = PBXBuildFile; fileRef = 25288EAC236E0C72001BA957 /* RecipesViewController.swift */; };
		25288EAF236E1235001BA957 /* ShoppingListViewController.swift in Sources */ = {isa = PBXBuildFile; fileRef = 25288EAE236E1235001BA957 /* ShoppingListViewController.swift */; };
		25288EB1236E1244001BA957 /* SettingsViewController.swift in Sources */ = {isa = PBXBuildFile; fileRef = 25288EB0236E1244001BA957 /* SettingsViewController.swift */; };
		25288EB3236E1329001BA957 /* Recipe.swift in Sources */ = {isa = PBXBuildFile; fileRef = 25288EB2236E1329001BA957 /* Recipe.swift */; };
		25288EB5236E2B92001BA957 /* RecipeCollectionViewCell.swift in Sources */ = {isa = PBXBuildFile; fileRef = 25288EB4236E2B92001BA957 /* RecipeCollectionViewCell.swift */; };
		253FB2E82432BAD4008BD653 /* AlanYanHelpers in Frameworks */ = {isa = PBXBuildFile; productRef = 253FB2E72432BAD4008BD653 /* AlanYanHelpers */; };
		253FB2E92432BAD4008BD653 /* AlanYanHelpers in Embed Frameworks */ = {isa = PBXBuildFile; productRef = 253FB2E72432BAD4008BD653 /* AlanYanHelpers */; settings = {ATTRIBUTES = (CodeSignOnCopy, ); }; };
		253FB2ED2432BDAF008BD653 /* CircularStd-Bold.otf in Resources */ = {isa = PBXBuildFile; fileRef = 253FB2EC2432BDAF008BD653 /* CircularStd-Bold.otf */; };
		253FB2EF2432BF63008BD653 /* CircularStd-Book.otf in Resources */ = {isa = PBXBuildFile; fileRef = 253FB2EE2432BF63008BD653 /* CircularStd-Book.otf */; };
		253FB2F12432DF89008BD653 /* CustomSegmentedControl.swift in Sources */ = {isa = PBXBuildFile; fileRef = 253FB2F02432DF89008BD653 /* CustomSegmentedControl.swift */; };
		253FB2F32432E536008BD653 /* CustomTabBar.swift in Sources */ = {isa = PBXBuildFile; fileRef = 253FB2F22432E536008BD653 /* CustomTabBar.swift */; };
		258C052723E6270A004209E2 /* ShoppingListTableViewCell.swift in Sources */ = {isa = PBXBuildFile; fileRef = 258C052623E6270A004209E2 /* ShoppingListTableViewCell.swift */; };
		25C236F9235A49DA0092EDE8 /* MainView.swift in Sources */ = {isa = PBXBuildFile; fileRef = 25C236F8235A49DA0092EDE8 /* MainView.swift */; };
		25CDA5F8240AF42000C148CF /* FilterViewController.swift in Sources */ = {isa = PBXBuildFile; fileRef = 25CDA5F7240AF42000C148CF /* FilterViewController.swift */; };
		25CDA5FA240AF52700C148CF /* TestViewController.swift in Sources */ = {isa = PBXBuildFile; fileRef = 25CDA5F9240AF52600C148CF /* TestViewController.swift */; };
		25D3D5B5240B1BFF007D0B53 /* RecipeDetailedView.swift in Sources */ = {isa = PBXBuildFile; fileRef = 25D3D5B4240B1BFF007D0B53 /* RecipeDetailedView.swift */; };
		25DB16CF243AAA3900309724 /* LoginViewDesign.swift in Sources */ = {isa = PBXBuildFile; fileRef = 25DB16CE243AAA3900309724 /* LoginViewDesign.swift */; };
		25FD352F23EF7AD500D1A90B /* RecipeDetailedViewController.swift in Sources */ = {isa = PBXBuildFile; fileRef = 25FD352E23EF7AD500D1A90B /* RecipeDetailedViewController.swift */; };
		6C13013923558ED200BB7908 /* RootTabBarController.swift in Sources */ = {isa = PBXBuildFile; fileRef = 6C13013823558ED200BB7908 /* RootTabBarController.swift */; };
		6C13013B23559D6000BB7908 /* SceneDelegate.swift in Sources */ = {isa = PBXBuildFile; fileRef = 6C13013A23559D6000BB7908 /* SceneDelegate.swift */; };
		6C28B3A92432869700203C10 /* RecipeAPIModels.swift in Sources */ = {isa = PBXBuildFile; fileRef = 6C28B3A82432869700203C10 /* RecipeAPIModels.swift */; };
		6C2E77DB23EF63D000BC35EB /* LocalHostTest.swift in Sources */ = {isa = PBXBuildFile; fileRef = 6C2E77DA23EF63D000BC35EB /* LocalHostTest.swift */; };
		6C2E77DD23EF77E600BC35EB /* TestQuery.swift in Sources */ = {isa = PBXBuildFile; fileRef = 6C2E77DC23EF77E600BC35EB /* TestQuery.swift */; };
		6C5726752376923C006BE5E5 /* ShoppingListView.swift in Sources */ = {isa = PBXBuildFile; fileRef = 6C5726742376923C006BE5E5 /* ShoppingListView.swift */; };
		6C6BCA352363BDF400C61748 /* ItemViewController.swift in Sources */ = {isa = PBXBuildFile; fileRef = 6C6BCA342363BDF400C61748 /* ItemViewController.swift */; };
		6C7796E02355871E00052EEB /* AppDelegate.swift in Sources */ = {isa = PBXBuildFile; fileRef = 6C7796DF2355871E00052EEB /* AppDelegate.swift */; };
		6C7796EA2355871F00052EEB /* Food_Doods_Prototype.xcdatamodeld in Sources */ = {isa = PBXBuildFile; fileRef = 6C7796E82355871F00052EEB /* Food_Doods_Prototype.xcdatamodeld */; };
		6C7796EC2355872200052EEB /* Assets.xcassets in Resources */ = {isa = PBXBuildFile; fileRef = 6C7796EB2355872200052EEB /* Assets.xcassets */; };
		6C7796EF2355872200052EEB /* LaunchScreen.storyboard in Resources */ = {isa = PBXBuildFile; fileRef = 6C7796ED2355872200052EEB /* LaunchScreen.storyboard */; };
		6C7796F72355882200052EEB /* PantryViewController.swift in Sources */ = {isa = PBXBuildFile; fileRef = 6C7796F62355882200052EEB /* PantryViewController.swift */; };
		6C7796FA2355891100052EEB /* SecondViewController.swift in Sources */ = {isa = PBXBuildFile; fileRef = 6C7796F92355891100052EEB /* SecondViewController.swift */; };
		6C836498236B859A00ADDCFE /* Item.swift in Sources */ = {isa = PBXBuildFile; fileRef = 6C836497236B859A00ADDCFE /* Item.swift */; };
		6C91D24E235BCA3B003F9DB2 /* PantryView.swift in Sources */ = {isa = PBXBuildFile; fileRef = 6C91D24D235BCA3B003F9DB2 /* PantryView.swift */; };
		6C91D250235BCA49003F9DB2 /* RecipeView.swift in Sources */ = {isa = PBXBuildFile; fileRef = 6C91D24F235BCA49003F9DB2 /* RecipeView.swift */; };
		6C91D252235BCA52003F9DB2 /* ItemView.swift in Sources */ = {isa = PBXBuildFile; fileRef = 6C91D251235BCA52003F9DB2 /* ItemView.swift */; };
		6C97C632243137BA006EEB21 /* UserAPIUtil.swift in Sources */ = {isa = PBXBuildFile; fileRef = 6C97C631243137BA006EEB21 /* UserAPIUtil.swift */; };
		6CA2380824142BBF00F65DCD /* ShoppingItem.swift in Sources */ = {isa = PBXBuildFile; fileRef = 6CA2380724142BBF00F65DCD /* ShoppingItem.swift */; };
		6CD0C6C7241D773600A7530F /* LoginView.swift in Sources */ = {isa = PBXBuildFile; fileRef = 6CD0C6C6241D773600A7530F /* LoginView.swift */; };
		6CD0C6C9241D79E500A7530F /* LoginViewController.swift in Sources */ = {isa = PBXBuildFile; fileRef = 6CD0C6C8241D79E500A7530F /* LoginViewController.swift */; };
		6CDE9DEE2356396300142FCC /* NavigationController.swift in Sources */ = {isa = PBXBuildFile; fileRef = 6CDE9DED2356396300142FCC /* NavigationController.swift */; };
		6CE6E3DF24327A6700E58A25 /* RecipeAPIUtil.swift in Sources */ = {isa = PBXBuildFile; fileRef = 6CE6E3DE24327A6700E58A25 /* RecipeAPIUtil.swift */; };
		6CE6E3E224327A9700E58A25 /* UserAPIModels.swift in Sources */ = {isa = PBXBuildFile; fileRef = 6CE6E3E124327A9700E58A25 /* UserAPIModels.swift */; };
		6CEBEE77243BB2FC00ABFD47 /* SuggestionAPIUtil.swift in Sources */ = {isa = PBXBuildFile; fileRef = 6CEBEE76243BB2FC00ABFD47 /* SuggestionAPIUtil.swift */; };
		6CEBEE79243BBA7900ABFD47 /* SuggestionAPIModels.swift in Sources */ = {isa = PBXBuildFile; fileRef = 6CEBEE78243BBA7900ABFD47 /* SuggestionAPIModels.swift */; };
		6CEC76152435178B005130A9 /* IngredientAPIUtil.swift in Sources */ = {isa = PBXBuildFile; fileRef = 6CEC76142435178B005130A9 /* IngredientAPIUtil.swift */; };
		6CEC761724351F6B005130A9 /* IngredientAPIModels.swift in Sources */ = {isa = PBXBuildFile; fileRef = 6CEC761624351F6B005130A9 /* IngredientAPIModels.swift */; };
/* End PBXBuildFile section */

/* Begin PBXCopyFilesBuildPhase section */
		253FB2EA2432BAD5008BD653 /* Embed Frameworks */ = {
			isa = PBXCopyFilesBuildPhase;
			buildActionMask = 2147483647;
			dstPath = "";
			dstSubfolderSpec = 10;
			files = (
				253FB2E92432BAD4008BD653 /* AlanYanHelpers in Embed Frameworks */,
			);
			name = "Embed Frameworks";
			runOnlyForDeploymentPostprocessing = 0;
		};
/* End PBXCopyFilesBuildPhase section */

/* Begin PBXFileReference section */
		25178B12235C06DF00808C62 /* PantryTableViewCell.swift */ = {isa = PBXFileReference; lastKnownFileType = sourcecode.swift; path = PantryTableViewCell.swift; sourceTree = "<group>"; };
		25288EAC236E0C72001BA957 /* RecipesViewController.swift */ = {isa = PBXFileReference; lastKnownFileType = sourcecode.swift; path = RecipesViewController.swift; sourceTree = "<group>"; };
		25288EAE236E1235001BA957 /* ShoppingListViewController.swift */ = {isa = PBXFileReference; lastKnownFileType = sourcecode.swift; path = ShoppingListViewController.swift; sourceTree = "<group>"; };
		25288EB0236E1244001BA957 /* SettingsViewController.swift */ = {isa = PBXFileReference; lastKnownFileType = sourcecode.swift; path = SettingsViewController.swift; sourceTree = "<group>"; };
		25288EB2236E1329001BA957 /* Recipe.swift */ = {isa = PBXFileReference; lastKnownFileType = sourcecode.swift; name = Recipe.swift; path = "Food-Doods-Prototype/Controllers/Recipe.swift"; sourceTree = SOURCE_ROOT; };
		25288EB4236E2B92001BA957 /* RecipeCollectionViewCell.swift */ = {isa = PBXFileReference; lastKnownFileType = sourcecode.swift; path = RecipeCollectionViewCell.swift; sourceTree = "<group>"; };
		253FB2EC2432BDAF008BD653 /* CircularStd-Bold.otf */ = {isa = PBXFileReference; lastKnownFileType = file; path = "CircularStd-Bold.otf"; sourceTree = "<group>"; };
		253FB2EE2432BF63008BD653 /* CircularStd-Book.otf */ = {isa = PBXFileReference; lastKnownFileType = file; path = "CircularStd-Book.otf"; sourceTree = "<group>"; };
		253FB2F02432DF89008BD653 /* CustomSegmentedControl.swift */ = {isa = PBXFileReference; lastKnownFileType = sourcecode.swift; path = CustomSegmentedControl.swift; sourceTree = "<group>"; };
		253FB2F22432E536008BD653 /* CustomTabBar.swift */ = {isa = PBXFileReference; lastKnownFileType = sourcecode.swift; path = CustomTabBar.swift; sourceTree = "<group>"; };
		258C052623E6270A004209E2 /* ShoppingListTableViewCell.swift */ = {isa = PBXFileReference; lastKnownFileType = sourcecode.swift; path = ShoppingListTableViewCell.swift; sourceTree = "<group>"; };
		25C236F8235A49DA0092EDE8 /* MainView.swift */ = {isa = PBXFileReference; lastKnownFileType = sourcecode.swift; path = MainView.swift; sourceTree = "<group>"; };
		25CDA5F7240AF42000C148CF /* FilterViewController.swift */ = {isa = PBXFileReference; lastKnownFileType = sourcecode.swift; path = FilterViewController.swift; sourceTree = "<group>"; };
		25CDA5F9240AF52600C148CF /* TestViewController.swift */ = {isa = PBXFileReference; lastKnownFileType = sourcecode.swift; path = TestViewController.swift; sourceTree = "<group>"; };
		25D3D5B4240B1BFF007D0B53 /* RecipeDetailedView.swift */ = {isa = PBXFileReference; lastKnownFileType = sourcecode.swift; path = RecipeDetailedView.swift; sourceTree = "<group>"; };
		25DB16CE243AAA3900309724 /* LoginViewDesign.swift */ = {isa = PBXFileReference; lastKnownFileType = sourcecode.swift; path = LoginViewDesign.swift; sourceTree = "<group>"; };
		25FD352E23EF7AD500D1A90B /* RecipeDetailedViewController.swift */ = {isa = PBXFileReference; lastKnownFileType = sourcecode.swift; path = RecipeDetailedViewController.swift; sourceTree = "<group>"; };
		6C13013823558ED200BB7908 /* RootTabBarController.swift */ = {isa = PBXFileReference; lastKnownFileType = sourcecode.swift; path = RootTabBarController.swift; sourceTree = "<group>"; };
		6C13013A23559D6000BB7908 /* SceneDelegate.swift */ = {isa = PBXFileReference; fileEncoding = 4; lastKnownFileType = sourcecode.swift; path = SceneDelegate.swift; sourceTree = "<group>"; };
		6C28B3A82432869700203C10 /* RecipeAPIModels.swift */ = {isa = PBXFileReference; lastKnownFileType = sourcecode.swift; path = RecipeAPIModels.swift; sourceTree = "<group>"; };
		6C2E77DA23EF63D000BC35EB /* LocalHostTest.swift */ = {isa = PBXFileReference; lastKnownFileType = sourcecode.swift; path = LocalHostTest.swift; sourceTree = "<group>"; };
		6C2E77DC23EF77E600BC35EB /* TestQuery.swift */ = {isa = PBXFileReference; lastKnownFileType = sourcecode.swift; path = TestQuery.swift; sourceTree = SOURCE_ROOT; };
		6C5726742376923C006BE5E5 /* ShoppingListView.swift */ = {isa = PBXFileReference; lastKnownFileType = sourcecode.swift; path = ShoppingListView.swift; sourceTree = "<group>"; };
		6C6BCA342363BDF400C61748 /* ItemViewController.swift */ = {isa = PBXFileReference; lastKnownFileType = sourcecode.swift; path = ItemViewController.swift; sourceTree = "<group>"; };
		6C7796DC2355871E00052EEB /* Food-Doods-Prototype.app */ = {isa = PBXFileReference; explicitFileType = wrapper.application; includeInIndex = 0; path = "Food-Doods-Prototype.app"; sourceTree = BUILT_PRODUCTS_DIR; };
		6C7796DF2355871E00052EEB /* AppDelegate.swift */ = {isa = PBXFileReference; lastKnownFileType = sourcecode.swift; path = AppDelegate.swift; sourceTree = "<group>"; };
		6C7796E92355871F00052EEB /* Food_Doods_Prototype.xcdatamodel */ = {isa = PBXFileReference; lastKnownFileType = wrapper.xcdatamodel; path = Food_Doods_Prototype.xcdatamodel; sourceTree = "<group>"; };
		6C7796EB2355872200052EEB /* Assets.xcassets */ = {isa = PBXFileReference; lastKnownFileType = folder.assetcatalog; path = Assets.xcassets; sourceTree = "<group>"; };
		6C7796EE2355872200052EEB /* Base */ = {isa = PBXFileReference; lastKnownFileType = file.storyboard; name = Base; path = Base.lproj/LaunchScreen.storyboard; sourceTree = "<group>"; };
		6C7796F02355872200052EEB /* Info.plist */ = {isa = PBXFileReference; lastKnownFileType = text.plist.xml; path = Info.plist; sourceTree = "<group>"; };
		6C7796F62355882200052EEB /* PantryViewController.swift */ = {isa = PBXFileReference; lastKnownFileType = sourcecode.swift; path = PantryViewController.swift; sourceTree = "<group>"; };
		6C7796F92355891100052EEB /* SecondViewController.swift */ = {isa = PBXFileReference; lastKnownFileType = sourcecode.swift; path = SecondViewController.swift; sourceTree = "<group>"; };
		6C836497236B859A00ADDCFE /* Item.swift */ = {isa = PBXFileReference; lastKnownFileType = sourcecode.swift; name = Item.swift; path = "Food-Doods-Prototype/Controllers/Item.swift"; sourceTree = SOURCE_ROOT; };
		6C91D24D235BCA3B003F9DB2 /* PantryView.swift */ = {isa = PBXFileReference; lastKnownFileType = sourcecode.swift; path = PantryView.swift; sourceTree = "<group>"; };
		6C91D24F235BCA49003F9DB2 /* RecipeView.swift */ = {isa = PBXFileReference; lastKnownFileType = sourcecode.swift; path = RecipeView.swift; sourceTree = "<group>"; };
		6C91D251235BCA52003F9DB2 /* ItemView.swift */ = {isa = PBXFileReference; lastKnownFileType = sourcecode.swift; path = ItemView.swift; sourceTree = "<group>"; };
		6C97C631243137BA006EEB21 /* UserAPIUtil.swift */ = {isa = PBXFileReference; lastKnownFileType = sourcecode.swift; path = UserAPIUtil.swift; sourceTree = "<group>"; };
		6CA2380724142BBF00F65DCD /* ShoppingItem.swift */ = {isa = PBXFileReference; lastKnownFileType = sourcecode.swift; name = ShoppingItem.swift; path = "Food-Doods-Prototype/Controllers/ShoppingItem.swift"; sourceTree = SOURCE_ROOT; };
		6CD0C6C6241D773600A7530F /* LoginView.swift */ = {isa = PBXFileReference; lastKnownFileType = sourcecode.swift; path = LoginView.swift; sourceTree = "<group>"; };
		6CD0C6C8241D79E500A7530F /* LoginViewController.swift */ = {isa = PBXFileReference; lastKnownFileType = sourcecode.swift; path = LoginViewController.swift; sourceTree = "<group>"; };
		6CDE9DED2356396300142FCC /* NavigationController.swift */ = {isa = PBXFileReference; lastKnownFileType = sourcecode.swift; path = NavigationController.swift; sourceTree = "<group>"; };
		6CE6E3DE24327A6700E58A25 /* RecipeAPIUtil.swift */ = {isa = PBXFileReference; lastKnownFileType = sourcecode.swift; path = RecipeAPIUtil.swift; sourceTree = "<group>"; };
		6CE6E3E124327A9700E58A25 /* UserAPIModels.swift */ = {isa = PBXFileReference; lastKnownFileType = sourcecode.swift; path = UserAPIModels.swift; sourceTree = "<group>"; };
		6CEBEE76243BB2FC00ABFD47 /* SuggestionAPIUtil.swift */ = {isa = PBXFileReference; lastKnownFileType = sourcecode.swift; path = SuggestionAPIUtil.swift; sourceTree = "<group>"; };
		6CEBEE78243BBA7900ABFD47 /* SuggestionAPIModels.swift */ = {isa = PBXFileReference; lastKnownFileType = sourcecode.swift; path = SuggestionAPIModels.swift; sourceTree = "<group>"; };
		6CEC76142435178B005130A9 /* IngredientAPIUtil.swift */ = {isa = PBXFileReference; lastKnownFileType = sourcecode.swift; path = IngredientAPIUtil.swift; sourceTree = "<group>"; };
		6CEC761624351F6B005130A9 /* IngredientAPIModels.swift */ = {isa = PBXFileReference; lastKnownFileType = sourcecode.swift; path = IngredientAPIModels.swift; sourceTree = "<group>"; };
/* End PBXFileReference section */

/* Begin PBXFrameworksBuildPhase section */
		6C7796D92355871E00052EEB /* Frameworks */ = {
			isa = PBXFrameworksBuildPhase;
			buildActionMask = 2147483647;
			files = (
				253FB2E82432BAD4008BD653 /* AlanYanHelpers in Frameworks */,
			);
			runOnlyForDeploymentPostprocessing = 0;
		};
/* End PBXFrameworksBuildPhase section */

/* Begin PBXGroup section */
		253FB2EB2432BC7D008BD653 /* Fonts */ = {
			isa = PBXGroup;
			children = (
				253FB2EE2432BF63008BD653 /* CircularStd-Book.otf */,
				253FB2EC2432BDAF008BD653 /* CircularStd-Bold.otf */,
			);
			path = Fonts;
			sourceTree = "<group>";
		};
		25C236F6235A468F0092EDE8 /* Models */ = {
			isa = PBXGroup;
			children = (
				6C836497236B859A00ADDCFE /* Item.swift */,
				25288EB2236E1329001BA957 /* Recipe.swift */,
				6C2E77DC23EF77E600BC35EB /* TestQuery.swift */,
				6CA2380724142BBF00F65DCD /* ShoppingItem.swift */,
			);
			path = Models;
			sourceTree = "<group>";
		};
		25C236F7235A46980092EDE8 /* Views */ = {
			isa = PBXGroup;
			children = (
				25C236F8235A49DA0092EDE8 /* MainView.swift */,
				6C91D24D235BCA3B003F9DB2 /* PantryView.swift */,
				6C91D24F235BCA49003F9DB2 /* RecipeView.swift */,
				25D3D5B4240B1BFF007D0B53 /* RecipeDetailedView.swift */,
				6C91D251235BCA52003F9DB2 /* ItemView.swift */,
				25178B12235C06DF00808C62 /* PantryTableViewCell.swift */,
				258C052623E6270A004209E2 /* ShoppingListTableViewCell.swift */,
				25288EB4236E2B92001BA957 /* RecipeCollectionViewCell.swift */,
				6C5726742376923C006BE5E5 /* ShoppingListView.swift */,
				6CD0C6C6241D773600A7530F /* LoginView.swift */,
				25DB16CE243AAA3900309724 /* LoginViewDesign.swift */,
				253FB2F02432DF89008BD653 /* CustomSegmentedControl.swift */,
				253FB2F22432E536008BD653 /* CustomTabBar.swift */,
			);
			path = Views;
			sourceTree = "<group>";
		};
		6C2E77D723EF62A800BC35EB /* Util */ = {
			isa = PBXGroup;
			children = (
				6CEBEE75243BB2D200ABFD47 /* Suggestion API */,
				6CEC761324351771005130A9 /* Ingredient API */,
				6CE6E3E324327ACF00E58A25 /* Recipe API */,
				6CE6E3E024327A6F00E58A25 /* User API */,
				6C2E77DA23EF63D000BC35EB /* LocalHostTest.swift */,
			);
			path = Util;
			sourceTree = "<group>";
		};
		6C7796D32355871E00052EEB = {
			isa = PBXGroup;
			children = (
				6C7796DE2355871E00052EEB /* Food-Doods-Prototype */,
				6C7796DD2355871E00052EEB /* Products */,
			);
			sourceTree = "<group>";
		};
		6C7796DD2355871E00052EEB /* Products */ = {
			isa = PBXGroup;
			children = (
				6C7796DC2355871E00052EEB /* Food-Doods-Prototype.app */,
			);
			name = Products;
			sourceTree = "<group>";
		};
		6C7796DE2355871E00052EEB /* Food-Doods-Prototype */ = {
			isa = PBXGroup;
			children = (
				6C2E77D723EF62A800BC35EB /* Util */,
				25C236F7235A46980092EDE8 /* Views */,
				25C236F6235A468F0092EDE8 /* Models */,
				6C7796F82355887900052EEB /* Controllers */,
				6C7796DF2355871E00052EEB /* AppDelegate.swift */,
				6C13013A23559D6000BB7908 /* SceneDelegate.swift */,
				253FB2EB2432BC7D008BD653 /* Fonts */,
				6C7796EB2355872200052EEB /* Assets.xcassets */,
				6C7796ED2355872200052EEB /* LaunchScreen.storyboard */,
				6C7796F02355872200052EEB /* Info.plist */,
				6C7796E82355871F00052EEB /* Food_Doods_Prototype.xcdatamodeld */,
			);
			path = "Food-Doods-Prototype";
			sourceTree = "<group>";
		};
		6C7796F82355887900052EEB /* Controllers */ = {
			isa = PBXGroup;
			children = (
				6C13013823558ED200BB7908 /* RootTabBarController.swift */,
				25CDA5F9240AF52600C148CF /* TestViewController.swift */,
				6CDE9DED2356396300142FCC /* NavigationController.swift */,
				25288EAC236E0C72001BA957 /* RecipesViewController.swift */,
				25CDA5F7240AF42000C148CF /* FilterViewController.swift */,
				25FD352E23EF7AD500D1A90B /* RecipeDetailedViewController.swift */,
				6C7796F62355882200052EEB /* PantryViewController.swift */,
				6C6BCA342363BDF400C61748 /* ItemViewController.swift */,
				25288EAE236E1235001BA957 /* ShoppingListViewController.swift */,
				25288EB0236E1244001BA957 /* SettingsViewController.swift */,
				6C7796F92355891100052EEB /* SecondViewController.swift */,
				6CD0C6C8241D79E500A7530F /* LoginViewController.swift */,
			);
			path = Controllers;
			sourceTree = "<group>";
		};
		6CE6E3E024327A6F00E58A25 /* User API */ = {
			isa = PBXGroup;
			children = (
				6C97C631243137BA006EEB21 /* UserAPIUtil.swift */,
				6CE6E3E124327A9700E58A25 /* UserAPIModels.swift */,
			);
			path = "User API";
			sourceTree = "<group>";
		};
		6CE6E3E324327ACF00E58A25 /* Recipe API */ = {
			isa = PBXGroup;
			children = (
				6CE6E3DE24327A6700E58A25 /* RecipeAPIUtil.swift */,
				6C28B3A82432869700203C10 /* RecipeAPIModels.swift */,
			);
			path = "Recipe API";
			sourceTree = "<group>";
		};
		6CEBEE75243BB2D200ABFD47 /* Suggestion API */ = {
			isa = PBXGroup;
			children = (
				6CEBEE76243BB2FC00ABFD47 /* SuggestionAPIUtil.swift */,
				6CEBEE78243BBA7900ABFD47 /* SuggestionAPIModels.swift */,
			);
			path = "Suggestion API";
			sourceTree = "<group>";
		};
		6CEC761324351771005130A9 /* Ingredient API */ = {
			isa = PBXGroup;
			children = (
				6CEC76142435178B005130A9 /* IngredientAPIUtil.swift */,
				6CEC761624351F6B005130A9 /* IngredientAPIModels.swift */,
			);
			path = "Ingredient API";
			sourceTree = "<group>";
		};
/* End PBXGroup section */

/* Begin PBXNativeTarget section */
		6C7796DB2355871E00052EEB /* Food-Doods-Prototype */ = {
			isa = PBXNativeTarget;
			buildConfigurationList = 6C7796F32355872200052EEB /* Build configuration list for PBXNativeTarget "Food-Doods-Prototype" */;
			buildPhases = (
				6C7796D82355871E00052EEB /* Sources */,
				6C7796D92355871E00052EEB /* Frameworks */,
				6C7796DA2355871E00052EEB /* Resources */,
				253FB2EA2432BAD5008BD653 /* Embed Frameworks */,
			);
			buildRules = (
			);
			dependencies = (
			);
			name = "Food-Doods-Prototype";
			packageProductDependencies = (
				253FB2E72432BAD4008BD653 /* AlanYanHelpers */,
			);
			productName = "Food-Doods-Prototype";
			productReference = 6C7796DC2355871E00052EEB /* Food-Doods-Prototype.app */;
			productType = "com.apple.product-type.application";
		};
/* End PBXNativeTarget section */

/* Begin PBXProject section */
		6C7796D42355871E00052EEB /* Project object */ = {
			isa = PBXProject;
			attributes = {
				LastSwiftUpdateCheck = 1110;
				LastUpgradeCheck = 1110;
				ORGANIZATIONNAME = "Wren Liang";
				TargetAttributes = {
					6C7796DB2355871E00052EEB = {
						CreatedOnToolsVersion = 11.1;
					};
				};
			};
			buildConfigurationList = 6C7796D72355871E00052EEB /* Build configuration list for PBXProject "Food-Doods-Prototype" */;
			compatibilityVersion = "Xcode 9.3";
			developmentRegion = en;
			hasScannedForEncodings = 0;
			knownRegions = (
				en,
				Base,
			);
			mainGroup = 6C7796D32355871E00052EEB;
			packageReferences = (
				253FB2E62432BAD4008BD653 /* XCRemoteSwiftPackageReference "UIKit-Toolbox" */,
			);
			productRefGroup = 6C7796DD2355871E00052EEB /* Products */;
			projectDirPath = "";
			projectRoot = "";
			targets = (
				6C7796DB2355871E00052EEB /* Food-Doods-Prototype */,
			);
		};
/* End PBXProject section */

/* Begin PBXResourcesBuildPhase section */
		6C7796DA2355871E00052EEB /* Resources */ = {
			isa = PBXResourcesBuildPhase;
			buildActionMask = 2147483647;
			files = (
				6C7796EF2355872200052EEB /* LaunchScreen.storyboard in Resources */,
				253FB2ED2432BDAF008BD653 /* CircularStd-Bold.otf in Resources */,
				6C7796EC2355872200052EEB /* Assets.xcassets in Resources */,
				253FB2EF2432BF63008BD653 /* CircularStd-Book.otf in Resources */,
			);
			runOnlyForDeploymentPostprocessing = 0;
		};
/* End PBXResourcesBuildPhase section */

/* Begin PBXSourcesBuildPhase section */
		6C7796D82355871E00052EEB /* Sources */ = {
			isa = PBXSourcesBuildPhase;
			buildActionMask = 2147483647;
			files = (
				6C7796FA2355891100052EEB /* SecondViewController.swift in Sources */,
				25C236F9235A49DA0092EDE8 /* MainView.swift in Sources */,
				253FB2F32432E536008BD653 /* CustomTabBar.swift in Sources */,
				25D3D5B5240B1BFF007D0B53 /* RecipeDetailedView.swift in Sources */,
				6CEBEE77243BB2FC00ABFD47 /* SuggestionAPIUtil.swift in Sources */,
				6C2E77DD23EF77E600BC35EB /* TestQuery.swift in Sources */,
				6C13013923558ED200BB7908 /* RootTabBarController.swift in Sources */,
				6CE6E3DF24327A6700E58A25 /* RecipeAPIUtil.swift in Sources */,
				6C6BCA352363BDF400C61748 /* ItemViewController.swift in Sources */,
				6C5726752376923C006BE5E5 /* ShoppingListView.swift in Sources */,
				6C836498236B859A00ADDCFE /* Item.swift in Sources */,
				6C7796F72355882200052EEB /* PantryViewController.swift in Sources */,
				6C2E77DB23EF63D000BC35EB /* LocalHostTest.swift in Sources */,
				6CEC76152435178B005130A9 /* IngredientAPIUtil.swift in Sources */,
				6C91D250235BCA49003F9DB2 /* RecipeView.swift in Sources */,
				25178B13235C06DF00808C62 /* PantryTableViewCell.swift in Sources */,
				6C91D252235BCA52003F9DB2 /* ItemView.swift in Sources */,
				6C7796E02355871E00052EEB /* AppDelegate.swift in Sources */,
				25288EB5236E2B92001BA957 /* RecipeCollectionViewCell.swift in Sources */,
				25CDA5F8240AF42000C148CF /* FilterViewController.swift in Sources */,
				6CEC761724351F6B005130A9 /* IngredientAPIModels.swift in Sources */,
				6C7796EA2355871F00052EEB /* Food_Doods_Prototype.xcdatamodeld in Sources */,
				6C91D24E235BCA3B003F9DB2 /* PantryView.swift in Sources */,
				6C28B3A92432869700203C10 /* RecipeAPIModels.swift in Sources */,
				6CEBEE79243BBA7900ABFD47 /* SuggestionAPIModels.swift in Sources */,
				25288EB1236E1244001BA957 /* SettingsViewController.swift in Sources */,
				6CA2380824142BBF00F65DCD /* ShoppingItem.swift in Sources */,
				253FB2F12432DF89008BD653 /* CustomSegmentedControl.swift in Sources */,
				6CD0C6C9241D79E500A7530F /* LoginViewController.swift in Sources */,
				25FD352F23EF7AD500D1A90B /* RecipeDetailedViewController.swift in Sources */,
				25288EAF236E1235001BA957 /* ShoppingListViewController.swift in Sources */,
				258C052723E6270A004209E2 /* ShoppingListTableViewCell.swift in Sources */,
				6C97C632243137BA006EEB21 /* UserAPIUtil.swift in Sources */,
				6CE6E3E224327A9700E58A25 /* UserAPIModels.swift in Sources */,
				6CDE9DEE2356396300142FCC /* NavigationController.swift in Sources */,
				25288EB3236E1329001BA957 /* Recipe.swift in Sources */,
				25CDA5FA240AF52700C148CF /* TestViewController.swift in Sources */,
				25288EAD236E0C72001BA957 /* RecipesViewController.swift in Sources */,
				6C13013B23559D6000BB7908 /* SceneDelegate.swift in Sources */,
				6CD0C6C7241D773600A7530F /* LoginView.swift in Sources */,
				25DB16CF243AAA3900309724 /* LoginViewDesign.swift in Sources */,
			);
			runOnlyForDeploymentPostprocessing = 0;
		};
/* End PBXSourcesBuildPhase section */

/* Begin PBXVariantGroup section */
		6C7796ED2355872200052EEB /* LaunchScreen.storyboard */ = {
			isa = PBXVariantGroup;
			children = (
				6C7796EE2355872200052EEB /* Base */,
			);
			name = LaunchScreen.storyboard;
			sourceTree = "<group>";
		};
/* End PBXVariantGroup section */

/* Begin XCBuildConfiguration section */
		6C7796F12355872200052EEB /* Debug */ = {
			isa = XCBuildConfiguration;
			buildSettings = {
				ALWAYS_SEARCH_USER_PATHS = NO;
				CLANG_ANALYZER_NONNULL = YES;
				CLANG_ANALYZER_NUMBER_OBJECT_CONVERSION = YES_AGGRESSIVE;
				CLANG_CXX_LANGUAGE_STANDARD = "gnu++14";
				CLANG_CXX_LIBRARY = "libc++";
				CLANG_ENABLE_MODULES = YES;
				CLANG_ENABLE_OBJC_ARC = YES;
				CLANG_ENABLE_OBJC_WEAK = YES;
				CLANG_WARN_BLOCK_CAPTURE_AUTORELEASING = YES;
				CLANG_WARN_BOOL_CONVERSION = YES;
				CLANG_WARN_COMMA = YES;
				CLANG_WARN_CONSTANT_CONVERSION = YES;
				CLANG_WARN_DEPRECATED_OBJC_IMPLEMENTATIONS = YES;
				CLANG_WARN_DIRECT_OBJC_ISA_USAGE = YES_ERROR;
				CLANG_WARN_DOCUMENTATION_COMMENTS = YES;
				CLANG_WARN_EMPTY_BODY = YES;
				CLANG_WARN_ENUM_CONVERSION = YES;
				CLANG_WARN_INFINITE_RECURSION = YES;
				CLANG_WARN_INT_CONVERSION = YES;
				CLANG_WARN_NON_LITERAL_NULL_CONVERSION = YES;
				CLANG_WARN_OBJC_IMPLICIT_RETAIN_SELF = YES;
				CLANG_WARN_OBJC_LITERAL_CONVERSION = YES;
				CLANG_WARN_OBJC_ROOT_CLASS = YES_ERROR;
				CLANG_WARN_RANGE_LOOP_ANALYSIS = YES;
				CLANG_WARN_STRICT_PROTOTYPES = YES;
				CLANG_WARN_SUSPICIOUS_MOVE = YES;
				CLANG_WARN_UNGUARDED_AVAILABILITY = YES_AGGRESSIVE;
				CLANG_WARN_UNREACHABLE_CODE = YES;
				CLANG_WARN__DUPLICATE_METHOD_MATCH = YES;
				COPY_PHASE_STRIP = NO;
				DEBUG_INFORMATION_FORMAT = dwarf;
				ENABLE_STRICT_OBJC_MSGSEND = YES;
				ENABLE_TESTABILITY = YES;
				GCC_C_LANGUAGE_STANDARD = gnu11;
				GCC_DYNAMIC_NO_PIC = NO;
				GCC_NO_COMMON_BLOCKS = YES;
				GCC_OPTIMIZATION_LEVEL = 0;
				GCC_PREPROCESSOR_DEFINITIONS = (
					"DEBUG=1",
					"$(inherited)",
				);
				GCC_WARN_64_TO_32_BIT_CONVERSION = YES;
				GCC_WARN_ABOUT_RETURN_TYPE = YES_ERROR;
				GCC_WARN_UNDECLARED_SELECTOR = YES;
				GCC_WARN_UNINITIALIZED_AUTOS = YES_AGGRESSIVE;
				GCC_WARN_UNUSED_FUNCTION = YES;
				GCC_WARN_UNUSED_VARIABLE = YES;
				IPHONEOS_DEPLOYMENT_TARGET = 13.1;
				MTL_ENABLE_DEBUG_INFO = INCLUDE_SOURCE;
				MTL_FAST_MATH = YES;
				ONLY_ACTIVE_ARCH = YES;
				SDKROOT = iphoneos;
				SWIFT_ACTIVE_COMPILATION_CONDITIONS = DEBUG;
				SWIFT_OPTIMIZATION_LEVEL = "-Onone";
			};
			name = Debug;
		};
		6C7796F22355872200052EEB /* Release */ = {
			isa = XCBuildConfiguration;
			buildSettings = {
				ALWAYS_SEARCH_USER_PATHS = NO;
				CLANG_ANALYZER_NONNULL = YES;
				CLANG_ANALYZER_NUMBER_OBJECT_CONVERSION = YES_AGGRESSIVE;
				CLANG_CXX_LANGUAGE_STANDARD = "gnu++14";
				CLANG_CXX_LIBRARY = "libc++";
				CLANG_ENABLE_MODULES = YES;
				CLANG_ENABLE_OBJC_ARC = YES;
				CLANG_ENABLE_OBJC_WEAK = YES;
				CLANG_WARN_BLOCK_CAPTURE_AUTORELEASING = YES;
				CLANG_WARN_BOOL_CONVERSION = YES;
				CLANG_WARN_COMMA = YES;
				CLANG_WARN_CONSTANT_CONVERSION = YES;
				CLANG_WARN_DEPRECATED_OBJC_IMPLEMENTATIONS = YES;
				CLANG_WARN_DIRECT_OBJC_ISA_USAGE = YES_ERROR;
				CLANG_WARN_DOCUMENTATION_COMMENTS = YES;
				CLANG_WARN_EMPTY_BODY = YES;
				CLANG_WARN_ENUM_CONVERSION = YES;
				CLANG_WARN_INFINITE_RECURSION = YES;
				CLANG_WARN_INT_CONVERSION = YES;
				CLANG_WARN_NON_LITERAL_NULL_CONVERSION = YES;
				CLANG_WARN_OBJC_IMPLICIT_RETAIN_SELF = YES;
				CLANG_WARN_OBJC_LITERAL_CONVERSION = YES;
				CLANG_WARN_OBJC_ROOT_CLASS = YES_ERROR;
				CLANG_WARN_RANGE_LOOP_ANALYSIS = YES;
				CLANG_WARN_STRICT_PROTOTYPES = YES;
				CLANG_WARN_SUSPICIOUS_MOVE = YES;
				CLANG_WARN_UNGUARDED_AVAILABILITY = YES_AGGRESSIVE;
				CLANG_WARN_UNREACHABLE_CODE = YES;
				CLANG_WARN__DUPLICATE_METHOD_MATCH = YES;
				COPY_PHASE_STRIP = NO;
				DEBUG_INFORMATION_FORMAT = "dwarf-with-dsym";
				ENABLE_NS_ASSERTIONS = NO;
				ENABLE_STRICT_OBJC_MSGSEND = YES;
				GCC_C_LANGUAGE_STANDARD = gnu11;
				GCC_NO_COMMON_BLOCKS = YES;
				GCC_WARN_64_TO_32_BIT_CONVERSION = YES;
				GCC_WARN_ABOUT_RETURN_TYPE = YES_ERROR;
				GCC_WARN_UNDECLARED_SELECTOR = YES;
				GCC_WARN_UNINITIALIZED_AUTOS = YES_AGGRESSIVE;
				GCC_WARN_UNUSED_FUNCTION = YES;
				GCC_WARN_UNUSED_VARIABLE = YES;
				IPHONEOS_DEPLOYMENT_TARGET = 13.1;
				MTL_ENABLE_DEBUG_INFO = NO;
				MTL_FAST_MATH = YES;
				SDKROOT = iphoneos;
				SWIFT_COMPILATION_MODE = wholemodule;
				SWIFT_OPTIMIZATION_LEVEL = "-O";
				VALIDATE_PRODUCT = YES;
			};
			name = Release;
		};
		6C7796F42355872200052EEB /* Debug */ = {
			isa = XCBuildConfiguration;
			buildSettings = {
				ASSETCATALOG_COMPILER_APPICON_NAME = AppIcon;
				CODE_SIGN_STYLE = Automatic;
				DEVELOPMENT_TEAM = 8VU5ULQ45F;
				INFOPLIST_FILE = "Food-Doods-Prototype/Info.plist";
				IPHONEOS_DEPLOYMENT_TARGET = 13.0;
				LD_RUNPATH_SEARCH_PATHS = (
					"$(inherited)",
					"@executable_path/Frameworks",
				);
				PRODUCT_BUNDLE_IDENTIFIER = "Wren.Food-Doods-Prototype";
				PRODUCT_NAME = "$(TARGET_NAME)";
				SWIFT_VERSION = 5.0;
				TARGETED_DEVICE_FAMILY = 1;
			};
			name = Debug;
		};
		6C7796F52355872200052EEB /* Release */ = {
			isa = XCBuildConfiguration;
			buildSettings = {
				ASSETCATALOG_COMPILER_APPICON_NAME = AppIcon;
				CODE_SIGN_STYLE = Automatic;
				DEVELOPMENT_TEAM = 8VU5ULQ45F;
				INFOPLIST_FILE = "Food-Doods-Prototype/Info.plist";
				IPHONEOS_DEPLOYMENT_TARGET = 13.0;
				LD_RUNPATH_SEARCH_PATHS = (
					"$(inherited)",
					"@executable_path/Frameworks",
				);
				PRODUCT_BUNDLE_IDENTIFIER = "Wren.Food-Doods-Prototype";
				PRODUCT_NAME = "$(TARGET_NAME)";
				SWIFT_VERSION = 5.0;
				TARGETED_DEVICE_FAMILY = 1;
			};
			name = Release;
		};
/* End XCBuildConfiguration section */

/* Begin XCConfigurationList section */
		6C7796D72355871E00052EEB /* Build configuration list for PBXProject "Food-Doods-Prototype" */ = {
			isa = XCConfigurationList;
			buildConfigurations = (
				6C7796F12355872200052EEB /* Debug */,
				6C7796F22355872200052EEB /* Release */,
			);
			defaultConfigurationIsVisible = 0;
			defaultConfigurationName = Release;
		};
		6C7796F32355872200052EEB /* Build configuration list for PBXNativeTarget "Food-Doods-Prototype" */ = {
			isa = XCConfigurationList;
			buildConfigurations = (
				6C7796F42355872200052EEB /* Debug */,
				6C7796F52355872200052EEB /* Release */,
			);
			defaultConfigurationIsVisible = 0;
			defaultConfigurationName = Release;
		};
/* End XCConfigurationList section */

/* Begin XCRemoteSwiftPackageReference section */
		253FB2E62432BAD4008BD653 /* XCRemoteSwiftPackageReference "UIKit-Toolbox" */ = {
			isa = XCRemoteSwiftPackageReference;
			repositoryURL = "https://github.com/yan-alan/UIKit-Toolbox.git";
			requirement = {
				kind = upToNextMajorVersion;
				minimumVersion = 0.0.7;
			};
		};
/* End XCRemoteSwiftPackageReference section */

/* Begin XCSwiftPackageProductDependency section */
		253FB2E72432BAD4008BD653 /* AlanYanHelpers */ = {
			isa = XCSwiftPackageProductDependency;
			package = 253FB2E62432BAD4008BD653 /* XCRemoteSwiftPackageReference "UIKit-Toolbox" */;
			productName = AlanYanHelpers;
		};
/* End XCSwiftPackageProductDependency section */

/* Begin XCVersionGroup section */
		6C7796E82355871F00052EEB /* Food_Doods_Prototype.xcdatamodeld */ = {
			isa = XCVersionGroup;
			children = (
				6C7796E92355871F00052EEB /* Food_Doods_Prototype.xcdatamodel */,
			);
			currentVersion = 6C7796E92355871F00052EEB /* Food_Doods_Prototype.xcdatamodel */;
			path = Food_Doods_Prototype.xcdatamodeld;
			sourceTree = "<group>";
			versionGroupType = wrapper.xcdatamodel;
		};
/* End XCVersionGroup section */
	};
	rootObject = 6C7796D42355871E00052EEB /* Project object */;
}
